
Microsoft Visual Studio Solution File, Format Version 12.00
# Visual Studio 14
VisualStudioVersion = 14.0.25420.1
MinimumVisualStudioVersion = 10.0.40219.1
Project("{FAE04EC0-301F-11D3-BF4B-00C04F79EFBC}") = "WCF-WebService", "WebService31\WCF-WebService.csproj", "{6CFC3C96-1F56-4CA2-8600-17A2A0F40473}"
EndProject
Project("{FAE04EC0-301F-11D3-BF4B-00C04F79EFBC}") = "WCF-ClientSide", "ClientSide\WCF-ClientSide.csproj", "{EAD7BF3B-6FA4-4A17-83B7-C00EE93F4E14}"
	ProjectSection(ProjectDependencies) = postProject
		{6CFC3C96-1F56-4CA2-8600-17A2A0F40473} = {6CFC3C96-1F56-4CA2-8600-17A2A0F40473}
	EndProjectSection
EndProject
Project("{FAE04EC0-301F-11D3-BF4B-00C04F79EFBC}") = "WebAPI(REST)", "REST\WebAPI(REST).csproj", "{B00B5F84-3680-4E10-A4F3-F1B31FFC3F24}"
EndProject
Project("{2150E333-8FDC-42A3-9474-1A3956D46DE8}") = "Solution Items", "Solution Items", "{6A846AA5-DD2E-4BCF-8021-222D2A11387A}"
EndProject
Project("{FAE04EC0-301F-11D3-BF4B-00C04F79EFBC}") = "WebAPIClient", "WebAPIClient\WebAPIClient.csproj", "{43976671-9937-430A-94F7-B2713EF1A828}"
EndProject
Project("{FAE04EC0-301F-11D3-BF4B-00C04F79EFBC}") = "SharedClasses", "SharedClasses\SharedClasses.csproj", "{43F2E02E-76B9-43FB-B9DA-99097F16665B}"
EndProject
Project("{FAE04EC0-301F-11D3-BF4B-00C04F79EFBC}") = "Start", "Start\Start.csproj", "{723E1BD2-C568-47DF-8FA0-1DBF59BCB343}"
EndProject
Global
	GlobalSection(SolutionConfigurationPlatforms) = preSolution
		Debug|Any CPU = Debug|Any CPU
		Release|Any CPU = Release|Any CPU
	EndGlobalSection
	GlobalSection(ProjectConfigurationPlatforms) = postSolution
		{6CFC3C96-1F56-4CA2-8600-17A2A0F40473}.Debug|Any CPU.ActiveCfg = Debug|Any CPU
		{6CFC3C96-1F56-4CA2-8600-17A2A0F40473}.Debug|Any CPU.Build.0 = Debug|Any CPU
		{6CFC3C96-1F56-4CA2-8600-17A2A0F40473}.Release|Any CPU.ActiveCfg = Release|Any CPU
		{6CFC3C96-1F56-4CA2-8600-17A2A0F40473}.Release|Any CPU.Build.0 = Release|Any CPU
		{EAD7BF3B-6FA4-4A17-83B7-C00EE93F4E14}.Debug|Any CPU.ActiveCfg = Debug|Any CPU
		{EAD7BF3B-6FA4-4A17-83B7-C00EE93F4E14}.Debug|Any CPU.Build.0 = Debug|Any CPU
		{EAD7BF3B-6FA4-4A17-83B7-C00EE93F4E14}.Release|Any CPU.ActiveCfg = Release|Any CPU
		{EAD7BF3B-6FA4-4A17-83B7-C00EE93F4E14}.Release|Any CPU.Build.0 = Release|Any CPU
		{B00B5F84-3680-4E10-A4F3-F1B31FFC3F24}.Debug|Any CPU.ActiveCfg = Debug|Any CPU
		{B00B5F84-3680-4E10-A4F3-F1B31FFC3F24}.Debug|Any CPU.Build.0 = Debug|Any CPU
		{B00B5F84-3680-4E10-A4F3-F1B31FFC3F24}.Release|Any CPU.ActiveCfg = Release|Any CPU
		{B00B5F84-3680-4E10-A4F3-F1B31FFC3F24}.Release|Any CPU.Build.0 = Release|Any CPU
		{43976671-9937-430A-94F7-B2713EF1A828}.Debug|Any CPU.ActiveCfg = Debug|Any CPU
		{43976671-9937-430A-94F7-B2713EF1A828}.Debug|Any CPU.Build.0 = Debug|Any CPU
		{43976671-9937-430A-94F7-B2713EF1A828}.Release|Any CPU.ActiveCfg = Release|Any CPU
		{43976671-9937-430A-94F7-B2713EF1A828}.Release|Any CPU.Build.0 = Release|Any CPU
		{43F2E02E-76B9-43FB-B9DA-99097F16665B}.Debug|Any CPU.ActiveCfg = Debug|Any CPU
		{43F2E02E-76B9-43FB-B9DA-99097F16665B}.Debug|Any CPU.Build.0 = Debug|Any CPU
		{43F2E02E-76B9-43FB-B9DA-99097F16665B}.Release|Any CPU.ActiveCfg = Release|Any CPU
		{43F2E02E-76B9-43FB-B9DA-99097F16665B}.Release|Any CPU.Build.0 = Release|Any CPU
		{723E1BD2-C568-47DF-8FA0-1DBF59BCB343}.Debug|Any CPU.ActiveCfg = Debug|Any CPU
		{723E1BD2-C568-47DF-8FA0-1DBF59BCB343}.Debug|Any CPU.Build.0 = Debug|Any CPU
		{723E1BD2-C568-47DF-8FA0-1DBF59BCB343}.Release|Any CPU.ActiveCfg = Release|Any CPU
		{723E1BD2-C568-47DF-8FA0-1DBF59BCB343}.Release|Any CPU.Build.0 = Release|Any CPU
	EndGlobalSection
	GlobalSection(SolutionProperties) = preSolution
		HideSolutionNode = FALSE
	EndGlobalSection
EndGlobal
